// !$*UTF8*$!
{
	archiveVersion = 1;
	classes = {
	};
	objectVersion = 46;
	objects = {

/* Begin PBXBuildFile section */
		4603271B1FBD5BA400247D2B /* WBHNetHospitalController.swift in Sources */ = {isa = PBXBuildFile; fileRef = 460327171FBD5B7000247D2B /* WBHNetHospitalController.swift */; };
		460327211FBD5C3E00247D2B /* WBHHealthPlatformController.swift in Sources */ = {isa = PBXBuildFile; fileRef = 4603271E1FBD5C3400247D2B /* WBHHealthPlatformController.swift */; };
		460327271FBD5D4100247D2B /* WBHSettingController.swift in Sources */ = {isa = PBXBuildFile; fileRef = 460327261FBD5D4100247D2B /* WBHSettingController.swift */; };
		467AFB6D1FBD74340000F65C /* WBHNetCollectionReusableView.swift in Sources */ = {isa = PBXBuildFile; fileRef = 467AFB6C1FBD74340000F65C /* WBHNetCollectionReusableView.swift */; };
		467AFB6F1FBD7B470000F65C /* WBHNetHospitalCell.swift in Sources */ = {isa = PBXBuildFile; fileRef = 467AFB6E1FBD7B470000F65C /* WBHNetHospitalCell.swift */; };
		467AFB711FBD7C130000F65C /* WBHVariableCustom.swift in Sources */ = {isa = PBXBuildFile; fileRef = 467AFB701FBD7C130000F65C /* WBHVariableCustom.swift */; };
		46B48DE81FBE6AE400046D9C /* WBHCircleCustomView.swift in Sources */ = {isa = PBXBuildFile; fileRef = 46B48DE71FBE6AE400046D9C /* WBHCircleCustomView.swift */; };
		46C9E6A81F5F9ED1001F3B74 /* Assets.xcassets in Resources */ = {isa = PBXBuildFile; fileRef = 46C9E6A71F5F9ED1001F3B74 /* Assets.xcassets */; };
		46C9E6AB1F5F9ED1001F3B74 /* LaunchScreen.storyboard in Resources */ = {isa = PBXBuildFile; fileRef = 46C9E6A91F5F9ED1001F3B74 /* LaunchScreen.storyboard */; };
		46C9E6B61F5F9ED1001F3B74 /* PlamBIUITests.swift in Sources */ = {isa = PBXBuildFile; fileRef = 46C9E6B51F5F9ED1001F3B74 /* PlamBIUITests.swift */; };
		46C9E6C81F5FA010001F3B74 /* AppDelegate.swift in Sources */ = {isa = PBXBuildFile; fileRef = 46C9E6C31F5FA010001F3B74 /* AppDelegate.swift */; };
		46C9E6CC1F5FA1D1001F3B74 /* WBHTabBarController.swift in Sources */ = {isa = PBXBuildFile; fileRef = 46C9E6CB1F5FA1D1001F3B74 /* WBHTabBarController.swift */; };
		46C9E6CE1F5FA30C001F3B74 /* WBHNavigationController.swift in Sources */ = {isa = PBXBuildFile; fileRef = 46C9E6CD1F5FA30C001F3B74 /* WBHNavigationController.swift */; };
		46C9E6D31F5FA37F001F3B74 /* WBHBaseViewController.swift in Sources */ = {isa = PBXBuildFile; fileRef = 46C9E6D21F5FA37F001F3B74 /* WBHBaseViewController.swift */; };
		46C9E6DB1F5FA594001F3B74 /* WBHTools.swift in Sources */ = {isa = PBXBuildFile; fileRef = 46C9E6DA1F5FA594001F3B74 /* WBHTools.swift */; };
		6088357D6AF621F988534E79 /* Pods_PlamBIUITests.framework in Frameworks */ = {isa = PBXBuildFile; fileRef = 9D42670B393779ED748E3300 /* Pods_PlamBIUITests.framework */; };
		ED2F009CA5B1FE5BF70F7A5B /* Pods_PlamBI.framework in Frameworks */ = {isa = PBXBuildFile; fileRef = 2CFC717F78DF5467ECD487A5 /* Pods_PlamBI.framework */; };
/* End PBXBuildFile section */

/* Begin PBXContainerItemProxy section */
		46C9E6B21F5F9ED1001F3B74 /* PBXContainerItemProxy */ = {
			isa = PBXContainerItemProxy;
			containerPortal = 46C9E6951F5F9ED0001F3B74 /* Project object */;
			proxyType = 1;
			remoteGlobalIDString = 46C9E69C1F5F9ED1001F3B74;
			remoteInfo = PlamBI;
		};
/* End PBXContainerItemProxy section */

/* Begin PBXFileReference section */
		26EC1495C5A161371BA25269 /* Pods-PlamBIUITests.release.xcconfig */ = {isa = PBXFileReference; includeInIndex = 1; lastKnownFileType = text.xcconfig; name = "Pods-PlamBIUITests.release.xcconfig"; path = "Pods/Target Support Files/Pods-PlamBIUITests/Pods-PlamBIUITests.release.xcconfig"; sourceTree = "<group>"; };
		2CFC717F78DF5467ECD487A5 /* Pods_PlamBI.framework */ = {isa = PBXFileReference; explicitFileType = wrapper.framework; includeInIndex = 0; path = Pods_PlamBI.framework; sourceTree = BUILT_PRODUCTS_DIR; };
		460327171FBD5B7000247D2B /* WBHNetHospitalController.swift */ = {isa = PBXFileReference; lastKnownFileType = sourcecode.swift; path = WBHNetHospitalController.swift; sourceTree = "<group>"; };
		4603271E1FBD5C3400247D2B /* WBHHealthPlatformController.swift */ = {isa = PBXFileReference; lastKnownFileType = sourcecode.swift; path = WBHHealthPlatformController.swift; sourceTree = "<group>"; };
		460327261FBD5D4100247D2B /* WBHSettingController.swift */ = {isa = PBXFileReference; lastKnownFileType = sourcecode.swift; path = WBHSettingController.swift; sourceTree = "<group>"; };
		464E9D821FBD2AD000ABA9EA /* PlamBI-Bridging-Header.h */ = {isa = PBXFileReference; lastKnownFileType = sourcecode.c.h; path = "PlamBI-Bridging-Header.h"; sourceTree = "<group>"; };
		467AFB6C1FBD74340000F65C /* WBHNetCollectionReusableView.swift */ = {isa = PBXFileReference; lastKnownFileType = sourcecode.swift; path = WBHNetCollectionReusableView.swift; sourceTree = "<group>"; };
		467AFB6E1FBD7B470000F65C /* WBHNetHospitalCell.swift */ = {isa = PBXFileReference; lastKnownFileType = sourcecode.swift; path = WBHNetHospitalCell.swift; sourceTree = "<group>"; };
		467AFB701FBD7C130000F65C /* WBHVariableCustom.swift */ = {isa = PBXFileReference; lastKnownFileType = sourcecode.swift; path = WBHVariableCustom.swift; sourceTree = "<group>"; };
		46B48DE71FBE6AE400046D9C /* WBHCircleCustomView.swift */ = {isa = PBXFileReference; lastKnownFileType = sourcecode.swift; path = WBHCircleCustomView.swift; sourceTree = "<group>"; };
		46C9E69D1F5F9ED1001F3B74 /* PlamBI.app */ = {isa = PBXFileReference; explicitFileType = wrapper.application; includeInIndex = 0; path = PlamBI.app; sourceTree = BUILT_PRODUCTS_DIR; };
		46C9E6A71F5F9ED1001F3B74 /* Assets.xcassets */ = {isa = PBXFileReference; lastKnownFileType = folder.assetcatalog; path = Assets.xcassets; sourceTree = "<group>"; };
		46C9E6AA1F5F9ED1001F3B74 /* Base */ = {isa = PBXFileReference; lastKnownFileType = file.storyboard; name = Base; path = Base.lproj/LaunchScreen.storyboard; sourceTree = "<group>"; };
		46C9E6B11F5F9ED1001F3B74 /* PlamBIUITests.xctest */ = {isa = PBXFileReference; explicitFileType = wrapper.cfbundle; includeInIndex = 0; path = PlamBIUITests.xctest; sourceTree = BUILT_PRODUCTS_DIR; };
		46C9E6B51F5F9ED1001F3B74 /* PlamBIUITests.swift */ = {isa = PBXFileReference; lastKnownFileType = sourcecode.swift; path = PlamBIUITests.swift; sourceTree = "<group>"; };
		46C9E6B71F5F9ED1001F3B74 /* Info.plist */ = {isa = PBXFileReference; lastKnownFileType = text.plist.xml; path = Info.plist; sourceTree = "<group>"; };
		46C9E6C31F5FA010001F3B74 /* AppDelegate.swift */ = {isa = PBXFileReference; fileEncoding = 4; lastKnownFileType = sourcecode.swift; path = AppDelegate.swift; sourceTree = "<group>"; };
		46C9E6C61F5FA010001F3B74 /* Info.plist */ = {isa = PBXFileReference; fileEncoding = 4; lastKnownFileType = text.plist.xml; path = Info.plist; sourceTree = "<group>"; };
		46C9E6CB1F5FA1D1001F3B74 /* WBHTabBarController.swift */ = {isa = PBXFileReference; fileEncoding = 4; lastKnownFileType = sourcecode.swift; path = WBHTabBarController.swift; sourceTree = "<group>"; };
		46C9E6CD1F5FA30C001F3B74 /* WBHNavigationController.swift */ = {isa = PBXFileReference; fileEncoding = 4; lastKnownFileType = sourcecode.swift; path = WBHNavigationController.swift; sourceTree = "<group>"; };
		46C9E6D21F5FA37F001F3B74 /* WBHBaseViewController.swift */ = {isa = PBXFileReference; fileEncoding = 4; lastKnownFileType = sourcecode.swift; path = WBHBaseViewController.swift; sourceTree = "<group>"; };
		46C9E6DA1F5FA594001F3B74 /* WBHTools.swift */ = {isa = PBXFileReference; fileEncoding = 4; lastKnownFileType = sourcecode.swift; path = WBHTools.swift; sourceTree = "<group>"; };
		9D42670B393779ED748E3300 /* Pods_PlamBIUITests.framework */ = {isa = PBXFileReference; explicitFileType = wrapper.framework; includeInIndex = 0; path = Pods_PlamBIUITests.framework; sourceTree = BUILT_PRODUCTS_DIR; };
		AA80E445978DAA3F42051695 /* Pods-PlamBIUITests.debug.xcconfig */ = {isa = PBXFileReference; includeInIndex = 1; lastKnownFileType = text.xcconfig; name = "Pods-PlamBIUITests.debug.xcconfig"; path = "Pods/Target Support Files/Pods-PlamBIUITests/Pods-PlamBIUITests.debug.xcconfig"; sourceTree = "<group>"; };
		CD668EC93DB6E681ADD73216 /* Pods-PlamBI.release.xcconfig */ = {isa = PBXFileReference; includeInIndex = 1; lastKnownFileType = text.xcconfig; name = "Pods-PlamBI.release.xcconfig"; path = "Pods/Target Support Files/Pods-PlamBI/Pods-PlamBI.release.xcconfig"; sourceTree = "<group>"; };
		FA7BC17F03FC7081D322BD9B /* Pods-PlamBI.debug.xcconfig */ = {isa = PBXFileReference; includeInIndex = 1; lastKnownFileType = text.xcconfig; name = "Pods-PlamBI.debug.xcconfig"; path = "Pods/Target Support Files/Pods-PlamBI/Pods-PlamBI.debug.xcconfig"; sourceTree = "<group>"; };
/* End PBXFileReference section */

/* Begin PBXFrameworksBuildPhase section */
		46C9E69A1F5F9ED1001F3B74 /* Frameworks */ = {
			isa = PBXFrameworksBuildPhase;
			buildActionMask = 2147483647;
			files = (
				ED2F009CA5B1FE5BF70F7A5B /* Pods_PlamBI.framework in Frameworks */,
			);
			runOnlyForDeploymentPostprocessing = 0;
		};
		46C9E6AE1F5F9ED1001F3B74 /* Frameworks */ = {
			isa = PBXFrameworksBuildPhase;
			buildActionMask = 2147483647;
			files = (
				6088357D6AF621F988534E79 /* Pods_PlamBIUITests.framework in Frameworks */,
			);
			runOnlyForDeploymentPostprocessing = 0;
		};
/* End PBXFrameworksBuildPhase section */

/* Begin PBXGroup section */
		460327161FBD5B7000247D2B /* ViewController */ = {
			isa = PBXGroup;
			children = (
				460327171FBD5B7000247D2B /* WBHNetHospitalController.swift */,
			);
			path = ViewController;
			sourceTree = "<group>";
		};
		460327191FBD5B7000247D2B /* View */ = {
			isa = PBXGroup;
			children = (
				467AFB6E1FBD7B470000F65C /* WBHNetHospitalCell.swift */,
				467AFB6C1FBD74340000F65C /* WBHNetCollectionReusableView.swift */,
				46B48DE71FBE6AE400046D9C /* WBHCircleCustomView.swift */,
			);
			path = View;
			sourceTree = "<group>";
		};
		4603271A1FBD5B7000247D2B /* Model */ = {
			isa = PBXGroup;
			children = (
			);
			path = Model;
			sourceTree = "<group>";
		};
		4603271D1FBD5C3400247D2B /* ViewController */ = {
			isa = PBXGroup;
			children = (
				4603271E1FBD5C3400247D2B /* WBHHealthPlatformController.swift */,
			);
			path = ViewController;
			sourceTree = "<group>";
		};
		4603271F1FBD5C3400247D2B /* Model */ = {
			isa = PBXGroup;
			children = (
			);
			path = Model;
			sourceTree = "<group>";
		};
		460327201FBD5C3400247D2B /* View */ = {
			isa = PBXGroup;
			children = (
			);
			path = View;
			sourceTree = "<group>";
		};
		460327231FBD5D0C00247D2B /* ViewController */ = {
			isa = PBXGroup;
			children = (
				460327261FBD5D4100247D2B /* WBHSettingController.swift */,
			);
			path = ViewController;
			sourceTree = "<group>";
		};
		460327241FBD5D1F00247D2B /* Model */ = {
			isa = PBXGroup;
			children = (
			);
			path = Model;
			sourceTree = "<group>";
		};
		460327251FBD5D1F00247D2B /* View */ = {
			isa = PBXGroup;
			children = (
			);
			path = View;
			sourceTree = "<group>";
		};
		46C9E6941F5F9ED0001F3B74 = {
			isa = PBXGroup;
			children = (
				46C9E69F1F5F9ED1001F3B74 /* PlamBI */,
				46C9E6B41F5F9ED1001F3B74 /* PlamBIUITests */,
				46C9E69E1F5F9ED1001F3B74 /* Products */,
				4FAEE840A5BFBC28F4938A1C /* Pods */,
				EA935D944D911E569F855C42 /* Frameworks */,
			);
			sourceTree = "<group>";
		};
		46C9E69E1F5F9ED1001F3B74 /* Products */ = {
			isa = PBXGroup;
			children = (
				46C9E69D1F5F9ED1001F3B74 /* PlamBI.app */,
				46C9E6B11F5F9ED1001F3B74 /* PlamBIUITests.xctest */,
			);
			name = Products;
			sourceTree = "<group>";
		};
		46C9E69F1F5F9ED1001F3B74 /* PlamBI */ = {
			isa = PBXGroup;
			children = (
				46C9E6C01F5FA010001F3B74 /* Classes */,
				46C9E6A71F5F9ED1001F3B74 /* Assets.xcassets */,
				46C9E6A91F5F9ED1001F3B74 /* LaunchScreen.storyboard */,
			);
			path = PlamBI;
			sourceTree = "<group>";
		};
		46C9E6B41F5F9ED1001F3B74 /* PlamBIUITests */ = {
			isa = PBXGroup;
			children = (
				46C9E6B51F5F9ED1001F3B74 /* PlamBIUITests.swift */,
				46C9E6B71F5F9ED1001F3B74 /* Info.plist */,
			);
			path = PlamBIUITests;
			sourceTree = "<group>";
		};
		46C9E6C01F5FA010001F3B74 /* Classes */ = {
			isa = PBXGroup;
			children = (
				46C9E6D01F5FA35D001F3B74 /* NetHospital */,
				46C9E6CF1F5FA35D001F3B74 /* HealthPlatform */,
				46C9E6D11F5FA35D001F3B74 /* Setting */,
				46C9E6C11F5FA010001F3B74 /* Base */,
				46C9E6C21F5FA010001F3B74 /* Main */,
				46C9E6C51F5FA010001F3B74 /* Other */,
				46C9E6C71F5FA010001F3B74 /* Tools */,
			);
			path = Classes;
			sourceTree = "<group>";
		};
		46C9E6C11F5FA010001F3B74 /* Base */ = {
			isa = PBXGroup;
			children = (
				46C9E6D21F5FA37F001F3B74 /* WBHBaseViewController.swift */,
			);
			path = Base;
			sourceTree = "<group>";
		};
		46C9E6C21F5FA010001F3B74 /* Main */ = {
			isa = PBXGroup;
			children = (
				46C9E6C31F5FA010001F3B74 /* AppDelegate.swift */,
				46C9E6CB1F5FA1D1001F3B74 /* WBHTabBarController.swift */,
				46C9E6CD1F5FA30C001F3B74 /* WBHNavigationController.swift */,
			);
			path = Main;
			sourceTree = "<group>";
		};
		46C9E6C51F5FA010001F3B74 /* Other */ = {
			isa = PBXGroup;
			children = (
				46C9E6C61F5FA010001F3B74 /* Info.plist */,
				464E9D821FBD2AD000ABA9EA /* PlamBI-Bridging-Header.h */,
			);
			path = Other;
			sourceTree = "<group>";
		};
		46C9E6C71F5FA010001F3B74 /* Tools */ = {
			isa = PBXGroup;
			children = (
				46C9E6DA1F5FA594001F3B74 /* WBHTools.swift */,
				467AFB701FBD7C130000F65C /* WBHVariableCustom.swift */,
			);
			path = Tools;
			sourceTree = "<group>";
		};
		46C9E6CF1F5FA35D001F3B74 /* HealthPlatform */ = {
			isa = PBXGroup;
			children = (
				4603271D1FBD5C3400247D2B /* ViewController */,
				460327201FBD5C3400247D2B /* View */,
				4603271F1FBD5C3400247D2B /* Model */,
			);
			path = HealthPlatform;
			sourceTree = "<group>";
		};
		46C9E6D01F5FA35D001F3B74 /* NetHospital */ = {
			isa = PBXGroup;
			children = (
				460327161FBD5B7000247D2B /* ViewController */,
				460327191FBD5B7000247D2B /* View */,
				4603271A1FBD5B7000247D2B /* Model */,
			);
			path = NetHospital;
			sourceTree = "<group>";
		};
		46C9E6D11F5FA35D001F3B74 /* Setting */ = {
			isa = PBXGroup;
			children = (
				460327231FBD5D0C00247D2B /* ViewController */,
				460327251FBD5D1F00247D2B /* View */,
				460327241FBD5D1F00247D2B /* Model */,
			);
			path = Setting;
			sourceTree = "<group>";
		};
		4FAEE840A5BFBC28F4938A1C /* Pods */ = {
			isa = PBXGroup;
			children = (
				FA7BC17F03FC7081D322BD9B /* Pods-PlamBI.debug.xcconfig */,
				CD668EC93DB6E681ADD73216 /* Pods-PlamBI.release.xcconfig */,
				AA80E445978DAA3F42051695 /* Pods-PlamBIUITests.debug.xcconfig */,
				26EC1495C5A161371BA25269 /* Pods-PlamBIUITests.release.xcconfig */,
			);
			name = Pods;
			sourceTree = "<group>";
		};
		EA935D944D911E569F855C42 /* Frameworks */ = {
			isa = PBXGroup;
			children = (
				2CFC717F78DF5467ECD487A5 /* Pods_PlamBI.framework */,
				9D42670B393779ED748E3300 /* Pods_PlamBIUITests.framework */,
			);
			name = Frameworks;
			sourceTree = "<group>";
		};
/* End PBXGroup section */

/* Begin PBXNativeTarget section */
		46C9E69C1F5F9ED1001F3B74 /* PlamBI */ = {
			isa = PBXNativeTarget;
			buildConfigurationList = 46C9E6BA1F5F9ED1001F3B74 /* Build configuration list for PBXNativeTarget "PlamBI" */;
			buildPhases = (
				3177A65B59F2E08333D4D930 /* [CP] Check Pods Manifest.lock */,
				46C9E6991F5F9ED1001F3B74 /* Sources */,
				46C9E69A1F5F9ED1001F3B74 /* Frameworks */,
				46C9E69B1F5F9ED1001F3B74 /* Resources */,
				829382E5BB3E1638574AA04E /* [CP] Embed Pods Frameworks */,
				5FE8C579B27CEC8A77F534A4 /* [CP] Copy Pods Resources */,
			);
			buildRules = (
			);
			dependencies = (
			);
			name = PlamBI;
			productName = PlamBI;
			productReference = 46C9E69D1F5F9ED1001F3B74 /* PlamBI.app */;
			productType = "com.apple.product-type.application";
		};
		46C9E6B01F5F9ED1001F3B74 /* PlamBIUITests */ = {
			isa = PBXNativeTarget;
			buildConfigurationList = 46C9E6BD1F5F9ED1001F3B74 /* Build configuration list for PBXNativeTarget "PlamBIUITests" */;
			buildPhases = (
				7767E2FB04CB02BE7F06D626 /* [CP] Check Pods Manifest.lock */,
				46C9E6AD1F5F9ED1001F3B74 /* Sources */,
				46C9E6AE1F5F9ED1001F3B74 /* Frameworks */,
				46C9E6AF1F5F9ED1001F3B74 /* Resources */,
				576F24455AA553699DA46844 /* [CP] Embed Pods Frameworks */,
				9BCF8CF2FE936140E3A6D284 /* [CP] Copy Pods Resources */,
			);
			buildRules = (
			);
			dependencies = (
				46C9E6B31F5F9ED1001F3B74 /* PBXTargetDependency */,
			);
			name = PlamBIUITests;
			productName = PlamBIUITests;
			productReference = 46C9E6B11F5F9ED1001F3B74 /* PlamBIUITests.xctest */;
			productType = "com.apple.product-type.bundle.ui-testing";
		};
/* End PBXNativeTarget section */

/* Begin PBXProject section */
		46C9E6951F5F9ED0001F3B74 /* Project object */ = {
			isa = PBXProject;
			attributes = {
				CLASSPREFIX = WBH;
				LastSwiftUpdateCheck = 0830;
				LastUpgradeCheck = 0910;
				ORGANIZATIONNAME = hjy;
				TargetAttributes = {
					46C9E69C1F5F9ED1001F3B74 = {
						CreatedOnToolsVersion = 8.3.2;
						DevelopmentTeam = 42Q4LG7K62;
						LastSwiftMigration = 0910;
						ProvisioningStyle = Automatic;
					};
					46C9E6B01F5F9ED1001F3B74 = {
						CreatedOnToolsVersion = 8.3.2;
						LastSwiftMigration = 0910;
						ProvisioningStyle = Automatic;
						TestTargetID = 46C9E69C1F5F9ED1001F3B74;
					};
				};
			};
			buildConfigurationList = 46C9E6981F5F9ED0001F3B74 /* Build configuration list for PBXProject "PlamBI" */;
			compatibilityVersion = "Xcode 3.2";
			developmentRegion = English;
			hasScannedForEncodings = 0;
			knownRegions = (
				en,
				Base,
			);
			mainGroup = 46C9E6941F5F9ED0001F3B74;
			productRefGroup = 46C9E69E1F5F9ED1001F3B74 /* Products */;
			projectDirPath = "";
			projectRoot = "";
			targets = (
				46C9E69C1F5F9ED1001F3B74 /* PlamBI */,
				46C9E6B01F5F9ED1001F3B74 /* PlamBIUITests */,
			);
		};
/* End PBXProject section */

/* Begin PBXResourcesBuildPhase section */
		46C9E69B1F5F9ED1001F3B74 /* Resources */ = {
			isa = PBXResourcesBuildPhase;
			buildActionMask = 2147483647;
			files = (
				46C9E6AB1F5F9ED1001F3B74 /* LaunchScreen.storyboard in Resources */,
				46C9E6A81F5F9ED1001F3B74 /* Assets.xcassets in Resources */,
			);
			runOnlyForDeploymentPostprocessing = 0;
		};
		46C9E6AF1F5F9ED1001F3B74 /* Resources */ = {
			isa = PBXResourcesBuildPhase;
			buildActionMask = 2147483647;
			files = (
			);
			runOnlyForDeploymentPostprocessing = 0;
		};
/* End PBXResourcesBuildPhase section */

/* Begin PBXShellScriptBuildPhase section */
		3177A65B59F2E08333D4D930 /* [CP] Check Pods Manifest.lock */ = {
			isa = PBXShellScriptBuildPhase;
			buildActionMask = 2147483647;
			files = (
			);
			inputPaths = (
			);
			name = "[CP] Check Pods Manifest.lock";
			outputPaths = (
			);
			runOnlyForDeploymentPostprocessing = 0;
			shellPath = /bin/sh;
			shellScript = "diff \"${PODS_PODFILE_DIR_PATH}/Podfile.lock\" \"${PODS_ROOT}/Manifest.lock\" > /dev/null\nif [ $? != 0 ] ; then\n    # print error to STDERR\n    echo \"error: The sandbox is not in sync with the Podfile.lock. Run 'pod install' or update your CocoaPods installation.\" >&2\n    exit 1\nfi\n";
			showEnvVarsInLog = 0;
		};
		576F24455AA553699DA46844 /* [CP] Embed Pods Frameworks */ = {
			isa = PBXShellScriptBuildPhase;
			buildActionMask = 2147483647;
			files = (
			);
			inputPaths = (
			);
			name = "[CP] Embed Pods Frameworks";
			outputPaths = (
			);
			runOnlyForDeploymentPostprocessing = 0;
			shellPath = /bin/sh;
			shellScript = "\"${SRCROOT}/Pods/Target Support Files/Pods-PlamBIUITests/Pods-PlamBIUITests-frameworks.sh\"\n";
			showEnvVarsInLog = 0;
		};
		5FE8C579B27CEC8A77F534A4 /* [CP] Copy Pods Resources */ = {
			isa = PBXShellScriptBuildPhase;
			buildActionMask = 2147483647;
			files = (
			);
			inputPaths = (
			);
			name = "[CP] Copy Pods Resources";
			outputPaths = (
			);
			runOnlyForDeploymentPostprocessing = 0;
			shellPath = /bin/sh;
			shellScript = "\"${SRCROOT}/Pods/Target Support Files/Pods-PlamBI/Pods-PlamBI-resources.sh\"\n";
			showEnvVarsInLog = 0;
		};
		7767E2FB04CB02BE7F06D626 /* [CP] Check Pods Manifest.lock */ = {
			isa = PBXShellScriptBuildPhase;
			buildActionMask = 2147483647;
			files = (
			);
			inputPaths = (
			);
			name = "[CP] Check Pods Manifest.lock";
			outputPaths = (
			);
			runOnlyForDeploymentPostprocessing = 0;
			shellPath = /bin/sh;
			shellScript = "diff \"${PODS_PODFILE_DIR_PATH}/Podfile.lock\" \"${PODS_ROOT}/Manifest.lock\" > /dev/null\nif [ $? != 0 ] ; then\n    # print error to STDERR\n    echo \"error: The sandbox is not in sync with the Podfile.lock. Run 'pod install' or update your CocoaPods installation.\" >&2\n    exit 1\nfi\n";
			showEnvVarsInLog = 0;
		};
		829382E5BB3E1638574AA04E /* [CP] Embed Pods Frameworks */ = {
			isa = PBXShellScriptBuildPhase;
			buildActionMask = 2147483647;
			files = (
			);
			inputPaths = (
			);
			name = "[CP] Embed Pods Frameworks";
			outputPaths = (
			);
			runOnlyForDeploymentPostprocessing = 0;
			shellPath = /bin/sh;
			shellScript = "\"${SRCROOT}/Pods/Target Support Files/Pods-PlamBI/Pods-PlamBI-frameworks.sh\"\n";
			showEnvVarsInLog = 0;
		};
		9BCF8CF2FE936140E3A6D284 /* [CP] Copy Pods Resources */ = {
			isa = PBXShellScriptBuildPhase;
			buildActionMask = 2147483647;
			files = (
			);
			inputPaths = (
			);
			name = "[CP] Copy Pods Resources";
			outputPaths = (
			);
			runOnlyForDeploymentPostprocessing = 0;
			shellPath = /bin/sh;
			shellScript = "\"${SRCROOT}/Pods/Target Support Files/Pods-PlamBIUITests/Pods-PlamBIUITests-resources.sh\"\n";
			showEnvVarsInLog = 0;
		};
/* End PBXShellScriptBuildPhase section */

/* Begin PBXSourcesBuildPhase section */
		46C9E6991F5F9ED1001F3B74 /* Sources */ = {
			isa = PBXSourcesBuildPhase;
			buildActionMask = 2147483647;
			files = (
				46C9E6C81F5FA010001F3B74 /* AppDelegate.swift in Sources */,
				46B48DE81FBE6AE400046D9C /* WBHCircleCustomView.swift in Sources */,
				4603271B1FBD5BA400247D2B /* WBHNetHospitalController.swift in Sources */,
				460327271FBD5D4100247D2B /* WBHSettingController.swift in Sources */,
				467AFB6D1FBD74340000F65C /* WBHNetCollectionReusableView.swift in Sources */,
				467AFB711FBD7C130000F65C /* WBHVariableCustom.swift in Sources */,
				46C9E6DB1F5FA594001F3B74 /* WBHTools.swift in Sources */,
				460327211FBD5C3E00247D2B /* WBHHealthPlatformController.swift in Sources */,
				46C9E6D31F5FA37F001F3B74 /* WBHBaseViewController.swift in Sources */,
				46C9E6CE1F5FA30C001F3B74 /* WBHNavigationController.swift in Sources */,
				46C9E6CC1F5FA1D1001F3B74 /* WBHTabBarController.swift in Sources */,
				467AFB6F1FBD7B470000F65C /* WBHNetHospitalCell.swift in Sources */,
			);
			runOnlyForDeploymentPostprocessing = 0;
		};
		46C9E6AD1F5F9ED1001F3B74 /* Sources */ = {
			isa = PBXSourcesBuildPhase;
			buildActionMask = 2147483647;
			files = (
				46C9E6B61F5F9ED1001F3B74 /* PlamBIUITests.swift in Sources */,
			);
			runOnlyForDeploymentPostprocessing = 0;
		};
/* End PBXSourcesBuildPhase section */

/* Begin PBXTargetDependency section */
		46C9E6B31F5F9ED1001F3B74 /* PBXTargetDependency */ = {
			isa = PBXTargetDependency;
			target = 46C9E69C1F5F9ED1001F3B74 /* PlamBI */;
			targetProxy = 46C9E6B21F5F9ED1001F3B74 /* PBXContainerItemProxy */;
		};
/* End PBXTargetDependency section */

/* Begin PBXVariantGroup section */
		46C9E6A91F5F9ED1001F3B74 /* LaunchScreen.storyboard */ = {
			isa = PBXVariantGroup;
			children = (
				46C9E6AA1F5F9ED1001F3B74 /* Base */,
			);
			name = LaunchScreen.storyboard;
			sourceTree = "<group>";
		};
/* End PBXVariantGroup section */

/* Begin XCBuildConfiguration section */
		46C9E6B81F5F9ED1001F3B74 /* Debug */ = {
			isa = XCBuildConfiguration;
			buildSettings = {
				ALWAYS_SEARCH_USER_PATHS = NO;
				CLANG_ANALYZER_NONNULL = YES;
				CLANG_ANALYZER_NUMBER_OBJECT_CONVERSION = YES_AGGRESSIVE;
				CLANG_CXX_LANGUAGE_STANDARD = "gnu++0x";
				CLANG_CXX_LIBRARY = "libc++";
				CLANG_ENABLE_MODULES = YES;
				CLANG_ENABLE_OBJC_ARC = YES;
				CLANG_WARN_BLOCK_CAPTURE_AUTORELEASING = YES;
				CLANG_WARN_BOOL_CONVERSION = YES;
				CLANG_WARN_COMMA = YES;
				CLANG_WARN_CONSTANT_CONVERSION = YES;
				CLANG_WARN_DIRECT_OBJC_ISA_USAGE = YES_ERROR;
				CLANG_WARN_DOCUMENTATION_COMMENTS = YES;
				CLANG_WARN_EMPTY_BODY = YES;
				CLANG_WARN_ENUM_CONVERSION = YES;
				CLANG_WARN_INFINITE_RECURSION = YES;
				CLANG_WARN_INT_CONVERSION = YES;
				CLANG_WARN_NON_LITERAL_NULL_CONVERSION = YES;
				CLANG_WARN_OBJC_LITERAL_CONVERSION = YES;
				CLANG_WARN_OBJC_ROOT_CLASS = YES_ERROR;
				CLANG_WARN_RANGE_LOOP_ANALYSIS = YES;
				CLANG_WARN_STRICT_PROTOTYPES = YES;
				CLANG_WARN_SUSPICIOUS_MOVE = YES;
				CLANG_WARN_UNREACHABLE_CODE = YES;
				CLANG_WARN__DUPLICATE_METHOD_MATCH = YES;
				"CODE_SIGN_IDENTITY[sdk=iphoneos*]" = "iPhone Developer";
				COPY_PHASE_STRIP = NO;
				DEBUG_INFORMATION_FORMAT = dwarf;
				ENABLE_STRICT_OBJC_MSGSEND = YES;
				ENABLE_TESTABILITY = YES;
				GCC_C_LANGUAGE_STANDARD = gnu99;
				GCC_DYNAMIC_NO_PIC = NO;
				GCC_NO_COMMON_BLOCKS = YES;
				GCC_OPTIMIZATION_LEVEL = 0;
				GCC_PREPROCESSOR_DEFINITIONS = (
					"DEBUG=1",
					"$(inherited)",
				);
				GCC_WARN_64_TO_32_BIT_CONVERSION = YES;
				GCC_WARN_ABOUT_RETURN_TYPE = YES_ERROR;
				GCC_WARN_UNDECLARED_SELECTOR = YES;
				GCC_WARN_UNINITIALIZED_AUTOS = YES_AGGRESSIVE;
				GCC_WARN_UNUSED_FUNCTION = YES;
				GCC_WARN_UNUSED_VARIABLE = YES;
				IPHONEOS_DEPLOYMENT_TARGET = 10.3;
				MTL_ENABLE_DEBUG_INFO = YES;
				ONLY_ACTIVE_ARCH = YES;
				SDKROOT = iphoneos;
				SWIFT_ACTIVE_COMPILATION_CONDITIONS = DEBUG;
				SWIFT_OPTIMIZATION_LEVEL = "-Onone";
			};
			name = Debug;
		};
		46C9E6B91F5F9ED1001F3B74 /* Release */ = {
			isa = XCBuildConfiguration;
			buildSettings = {
				ALWAYS_SEARCH_USER_PATHS = NO;
				CLANG_ANALYZER_NONNULL = YES;
				CLANG_ANALYZER_NUMBER_OBJECT_CONVERSION = YES_AGGRESSIVE;
				CLANG_CXX_LANGUAGE_STANDARD = "gnu++0x";
				CLANG_CXX_LIBRARY = "libc++";
				CLANG_ENABLE_MODULES = YES;
				CLANG_ENABLE_OBJC_ARC = YES;
				CLANG_WARN_BLOCK_CAPTURE_AUTORELEASING = YES;
				CLANG_WARN_BOOL_CONVERSION = YES;
				CLANG_WARN_COMMA = YES;
				CLANG_WARN_CONSTANT_CONVERSION = YES;
				CLANG_WARN_DIRECT_OBJC_ISA_USAGE = YES_ERROR;
				CLANG_WARN_DOCUMENTATION_COMMENTS = YES;
				CLANG_WARN_EMPTY_BODY = YES;
				CLANG_WARN_ENUM_CONVERSION = YES;
				CLANG_WARN_INFINITE_RECURSION = YES;
				CLANG_WARN_INT_CONVERSION = YES;
				CLANG_WARN_NON_LITERAL_NULL_CONVERSION = YES;
				CLANG_WARN_OBJC_LITERAL_CONVERSION = YES;
				CLANG_WARN_OBJC_ROOT_CLASS = YES_ERROR;
				CLANG_WARN_RANGE_LOOP_ANALYSIS = YES;
				CLANG_WARN_STRICT_PROTOTYPES = YES;
				CLANG_WARN_SUSPICIOUS_MOVE = YES;
				CLANG_WARN_UNREACHABLE_CODE = YES;
				CLANG_WARN__DUPLICATE_METHOD_MATCH = YES;
				"CODE_SIGN_IDENTITY[sdk=iphoneos*]" = "iPhone Developer";
				COPY_PHASE_STRIP = NO;
				DEBUG_INFORMATION_FORMAT = "dwarf-with-dsym";
				ENABLE_NS_ASSERTIONS = NO;
				ENABLE_STRICT_OBJC_MSGSEND = YES;
				GCC_C_LANGUAGE_STANDARD = gnu99;
				GCC_NO_COMMON_BLOCKS = YES;
				GCC_WARN_64_TO_32_BIT_CONVERSION = YES;
				GCC_WARN_ABOUT_RETURN_TYPE = YES_ERROR;
				GCC_WARN_UNDECLARED_SELECTOR = YES;
				GCC_WARN_UNINITIALIZED_AUTOS = YES_AGGRESSIVE;
				GCC_WARN_UNUSED_FUNCTION = YES;
				GCC_WARN_UNUSED_VARIABLE = YES;
				IPHONEOS_DEPLOYMENT_TARGET = 10.3;
				MTL_ENABLE_DEBUG_INFO = NO;
				SDKROOT = iphoneos;
				SWIFT_OPTIMIZATION_LEVEL = "-Owholemodule";
				VALIDATE_PRODUCT = YES;
			};
			name = Release;
		};
		46C9E6BB1F5F9ED1001F3B74 /* Debug */ = {
			isa = XCBuildConfiguration;
			baseConfigurationReference = FA7BC17F03FC7081D322BD9B /* Pods-PlamBI.debug.xcconfig */;
			buildSettings = {
				ASSETCATALOG_COMPILER_APPICON_NAME = AppIcon;
				DEVELOPMENT_TEAM = 42Q4LG7K62;
				GCC_PREFIX_HEADER = "";
				INFOPLIST_FILE = PlamBI/Classes/Other/Info.plist;
				IPHONEOS_DEPLOYMENT_TARGET = 8.1;
				LD_RUNPATH_SEARCH_PATHS = "$(inherited) @executable_path/Frameworks";
				PRODUCT_BUNDLE_IDENTIFIER = "-2.PlamBI";
				PRODUCT_NAME = "$(TARGET_NAME)";
				SWIFT_OBJC_BRIDGING_HEADER = "${SRCROOT}/PlamBI/Classes/Other/PlamBI-Bridging-Header.h";
				SWIFT_SWIFT3_OBJC_INFERENCE = On;
				SWIFT_VERSION = 4.0;
				USER_HEADER_SEARCH_PATHS = "${SRCROOT}/**";
			};
			name = Debug;
		};
		46C9E6BC1F5F9ED1001F3B74 /* Release */ = {
			isa = XCBuildConfiguration;
			baseConfigurationReference = CD668EC93DB6E681ADD73216 /* Pods-PlamBI.release.xcconfig */;
			buildSettings = {
				ASSETCATALOG_COMPILER_APPICON_NAME = AppIcon;
				DEVELOPMENT_TEAM = 42Q4LG7K62;
				GCC_PREFIX_HEADER = "";
				INFOPLIST_FILE = PlamBI/Classes/Other/Info.plist;
				IPHONEOS_DEPLOYMENT_TARGET = 8.1;
				LD_RUNPATH_SEARCH_PATHS = "$(inherited) @executable_path/Frameworks";
				PRODUCT_BUNDLE_IDENTIFIER = "-2.PlamBI";
				PRODUCT_NAME = "$(TARGET_NAME)";
				SWIFT_OBJC_BRIDGING_HEADER = "${SRCROOT}/PlamBI/Classes/Other/PlamBI-Bridging-Header.h";
				SWIFT_SWIFT3_OBJC_INFERENCE = On;
				SWIFT_VERSION = 4.0;
				USER_HEADER_SEARCH_PATHS = "${SRCROOT}/**";
			};
			name = Release;
		};
		46C9E6BE1F5F9ED1001F3B74 /* Debug */ = {
			isa = XCBuildConfiguration;
			baseConfigurationReference = AA80E445978DAA3F42051695 /* Pods-PlamBIUITests.debug.xcconfig */;
			buildSettings = {
				ALWAYS_EMBED_SWIFT_STANDARD_LIBRARIES = YES;
				INFOPLIST_FILE = PlamBIUITests/Info.plist;
				LD_RUNPATH_SEARCH_PATHS = "$(inherited) @executable_path/Frameworks @loader_path/Frameworks";
				PRODUCT_BUNDLE_IDENTIFIER = "-2.PlamBIUITests";
				PRODUCT_NAME = "$(TARGET_NAME)";
				SWIFT_SWIFT3_OBJC_INFERENCE = On;
				SWIFT_VERSION = 4.0;
				TEST_TARGET_NAME = PlamBI;
			};
			name = Debug;
		};
		46C9E6BF1F5F9ED1001F3B74 /* Release */ = {
			isa = XCBuildConfiguration;
			baseConfigurationReference = 26EC1495C5A161371BA25269 /* Pods-PlamBIUITests.release.xcconfig */;
			buildSettings = {
				ALWAYS_EMBED_SWIFT_STANDARD_LIBRARIES = YES;
				INFOPLIST_FILE = PlamBIUITests/Info.plist;
				LD_RUNPATH_SEARCH_PATHS = "$(inherited) @executable_path/Frameworks @loader_path/Frameworks";
				PRODUCT_BUNDLE_IDENTIFIER = "-2.PlamBIUITests";
				PRODUCT_NAME = "$(TARGET_NAME)";
				SWIFT_SWIFT3_OBJC_INFERENCE = On;
				SWIFT_VERSION = 4.0;
				TEST_TARGET_NAME = PlamBI;
			};
			name = Release;
		};
/* End XCBuildConfiguration section */

/* Begin XCConfigurationList section */
		46C9E6981F5F9ED0001F3B74 /* Build configuration list for PBXProject "PlamBI" */ = {
			isa = XCConfigurationList;
			buildConfigurations = (
				46C9E6B81F5F9ED1001F3B74 /* Debug */,
				46C9E6B91F5F9ED1001F3B74 /* Release */,
			);
			defaultConfigurationIsVisible = 0;
			defaultConfigurationName = Release;
		};
		46C9E6BA1F5F9ED1001F3B74 /* Build configuration list for PBXNativeTarget "PlamBI" */ = {
			isa = XCConfigurationList;
			buildConfigurations = (
				46C9E6BB1F5F9ED1001F3B74 /* Debug */,
				46C9E6BC1F5F9ED1001F3B74 /* Release */,
			);
			defaultConfigurationIsVisible = 0;
			defaultConfigurationName = Release;
		};
		46C9E6BD1F5F9ED1001F3B74 /* Build configuration list for PBXNativeTarget "PlamBIUITests" */ = {
			isa = XCConfigurationList;
			buildConfigurations = (
				46C9E6BE1F5F9ED1001F3B74 /* Debug */,
				46C9E6BF1F5F9ED1001F3B74 /* Release */,
			);
			defaultConfigurationIsVisible = 0;
			defaultConfigurationName = Release;
		};
/* End XCConfigurationList section */
	};
	rootObject = 46C9E6951F5F9ED0001F3B74 /* Project object */;
}
